
Microsoft Visual Studio Solution File, Format Version 12.00
# Visual Studio Version 16
VisualStudioVersion = 16.0.30717.126
MinimumVisualStudioVersion = 10.0.40219.1
Project("{6EC3EE1D-3C4E-46DD-8F32-0CC8E7565705}") = "adventofcode.tests.fsharp", "adventofcode.tests\adventofcode.tests.fsharp.fsproj", "{F9882924-D51F-477E-BC6E-3369DF77B3F7}"
EndProject
Project("{FAE04EC0-301F-11D3-BF4B-00C04F79EFBC}") = "adventofcode.tests.csharp", "adventofcode.tests.csharp\adventofcode.tests.csharp.csproj", "{F4EF7A51-9882-4B25-89A2-C4A9ABBB7DDC}"
EndProject
Global
	GlobalSection(SolutionConfigurationPlatforms) = preSolution
		Debug|Any CPU = Debug|Any CPU
		Release|Any CPU = Release|Any CPU
	EndGlobalSection
	GlobalSection(ProjectConfigurationPlatforms) = postSolution
		{F9882924-D51F-477E-BC6E-3369DF77B3F7}.Debug|Any CPU.ActiveCfg = Debug|Any CPU
		{F9882924-D51F-477E-BC6E-3369DF77B3F7}.Debug|Any CPU.Build.0 = Debug|Any CPU
		{F9882924-D51F-477E-BC6E-3369DF77B3F7}.Release|Any CPU.ActiveCfg = Release|Any CPU
		{F9882924-D51F-477E-BC6E-3369DF77B3F7}.Release|Any CPU.Build.0 = Release|Any CPU
		{F4EF7A51-9882-4B25-89A2-C4A9ABBB7DDC}.Debug|Any CPU.ActiveCfg = Debug|Any CPU
		{F4EF7A51-9882-4B25-89A2-C4A9ABBB7DDC}.Debug|Any CPU.Build.0 = Debug|Any CPU
		{F4EF7A51-9882-4B25-89A2-C4A9ABBB7DDC}.Release|Any CPU.ActiveCfg = Release|Any CPU
		{F4EF7A51-9882-4B25-89A2-C4A9ABBB7DDC}.Release|Any CPU.Build.0 = Release|Any CPU
	EndGlobalSection
	GlobalSection(SolutionProperties) = preSolution
		HideSolutionNode = FALSE
	EndGlobalSection
	GlobalSection(ExtensibilityGlobals) = postSolution
		SolutionGuid = {318D3506-0DC6-49D8-8EE3-5527A0C065D7}
	EndGlobalSection
EndGlobal
